
Microsoft Visual Studio Solution File, Format Version 12.00
# Visual Studio Version 17
VisualStudioVersion = 17.5.33424.131
MinimumVisualStudioVersion = 10.0.40219.1
Project("{FAE04EC0-301F-11D3-BF4B-00C04F79EFBC}") = "troca_valores", "troca_valores\troca_valores.csproj", "{9B550434-6921-46E1-986A-72D29A5AC4E3}"
EndProject
Global
	GlobalSection(SolutionConfigurationPlatforms) = preSolution
		Debug|Any CPU = Debug|Any CPU
		Release|Any CPU = Release|Any CPU
	EndGlobalSection
	GlobalSection(ProjectConfigurationPlatforms) = postSolution
		{9B550434-6921-46E1-986A-72D29A5AC4E3}.Debug|Any CPU.ActiveCfg = Debug|Any CPU
		{9B550434-6921-46E1-986A-72D29A5AC4E3}.Debug|Any CPU.Build.0 = Debug|Any CPU
		{9B550434-6921-46E1-986A-72D29A5AC4E3}.Release|Any CPU.ActiveCfg = Release|Any CPU
		{9B550434-6921-46E1-986A-72D29A5AC4E3}.Release|Any CPU.Build.0 = Release|Any CPU
	EndGlobalSection
	GlobalSection(SolutionProperties) = preSolution
		HideSolutionNode = FALSE
	EndGlobalSection
	GlobalSection(ExtensibilityGlobals) = postSolution
		SolutionGuid = {10FC5E6C-FF3F-457B-9330-521572563EDF}
	EndGlobalSection
EndGlobal
