
Microsoft Visual Studio Solution File, Format Version 12.00
# Visual Studio Version 17
VisualStudioVersion = 17.4.33213.308
MinimumVisualStudioVersion = 10.0.40219.1
Project("{FAE04EC0-301F-11D3-BF4B-00C04F79EFBC}") = "Numbers", "Numbers\Numbers.csproj", "{5E981161-9510-4F6E-AE13-F1546A84D2E4}"
EndProject
Global
	GlobalSection(SolutionConfigurationPlatforms) = preSolution
		Debug|Any CPU = Debug|Any CPU
		Release|Any CPU = Release|Any CPU
	EndGlobalSection
	GlobalSection(ProjectConfigurationPlatforms) = postSolution
		{5E981161-9510-4F6E-AE13-F1546A84D2E4}.Debug|Any CPU.ActiveCfg = Debug|Any CPU
		{5E981161-9510-4F6E-AE13-F1546A84D2E4}.Debug|Any CPU.Build.0 = Debug|Any CPU
		{5E981161-9510-4F6E-AE13-F1546A84D2E4}.Release|Any CPU.ActiveCfg = Release|Any CPU
		{5E981161-9510-4F6E-AE13-F1546A84D2E4}.Release|Any CPU.Build.0 = Release|Any CPU
	EndGlobalSection
	GlobalSection(SolutionProperties) = preSolution
		HideSolutionNode = FALSE
	EndGlobalSection
	GlobalSection(ExtensibilityGlobals) = postSolution
		SolutionGuid = {66BE8EC5-9F57-451A-B401-B4F0AFAF6A6D}
	EndGlobalSection
EndGlobal
