
Microsoft Visual Studio Solution File, Format Version 12.00
# Visual Studio Version 17
VisualStudioVersion = 17.5.33530.505
MinimumVisualStudioVersion = 10.0.40219.1
Project("{FAE04EC0-301F-11D3-BF4B-00C04F79EFBC}") = "Caixa", "Caixa\Caixa.csproj", "{34C1470E-D558-43C3-B1B5-72C9E762A722}"
EndProject
Global
	GlobalSection(SolutionConfigurationPlatforms) = preSolution
		Debug|Any CPU = Debug|Any CPU
		Release|Any CPU = Release|Any CPU
	EndGlobalSection
	GlobalSection(ProjectConfigurationPlatforms) = postSolution
		{34C1470E-D558-43C3-B1B5-72C9E762A722}.Debug|Any CPU.ActiveCfg = Debug|Any CPU
		{34C1470E-D558-43C3-B1B5-72C9E762A722}.Debug|Any CPU.Build.0 = Debug|Any CPU
		{34C1470E-D558-43C3-B1B5-72C9E762A722}.Release|Any CPU.ActiveCfg = Release|Any CPU
		{34C1470E-D558-43C3-B1B5-72C9E762A722}.Release|Any CPU.Build.0 = Release|Any CPU
	EndGlobalSection
	GlobalSection(SolutionProperties) = preSolution
		HideSolutionNode = FALSE
	EndGlobalSection
	GlobalSection(ExtensibilityGlobals) = postSolution
		SolutionGuid = {86A87435-BB34-4643-A710-79A983DEF86C}
	EndGlobalSection
EndGlobal
