
Microsoft Visual Studio Solution File, Format Version 12.00
# Visual Studio Version 17
VisualStudioVersion = 17.5.33424.131
MinimumVisualStudioVersion = 10.0.40219.1
Project("{FAE04EC0-301F-11D3-BF4B-00C04F79EFBC}") = "NumeroPrimo", "NumeroPrimo\NumeroPrimo.csproj", "{14808174-095E-4A0D-ADD4-97FC6ECB5736}"
EndProject
Global
	GlobalSection(SolutionConfigurationPlatforms) = preSolution
		Debug|Any CPU = Debug|Any CPU
		Release|Any CPU = Release|Any CPU
	EndGlobalSection
	GlobalSection(ProjectConfigurationPlatforms) = postSolution
		{14808174-095E-4A0D-ADD4-97FC6ECB5736}.Debug|Any CPU.ActiveCfg = Debug|Any CPU
		{14808174-095E-4A0D-ADD4-97FC6ECB5736}.Debug|Any CPU.Build.0 = Debug|Any CPU
		{14808174-095E-4A0D-ADD4-97FC6ECB5736}.Release|Any CPU.ActiveCfg = Release|Any CPU
		{14808174-095E-4A0D-ADD4-97FC6ECB5736}.Release|Any CPU.Build.0 = Release|Any CPU
	EndGlobalSection
	GlobalSection(SolutionProperties) = preSolution
		HideSolutionNode = FALSE
	EndGlobalSection
	GlobalSection(ExtensibilityGlobals) = postSolution
		SolutionGuid = {03104550-FE30-47E3-92AF-04EA12DC2341}
	EndGlobalSection
EndGlobal
