
Microsoft Visual Studio Solution File, Format Version 12.00
# Visual Studio Version 17
VisualStudioVersion = 17.1.32421.90
MinimumVisualStudioVersion = 10.0.40219.1
Project("{FAE04EC0-301F-11D3-BF4B-00C04F79EFBC}") = "Calculadora", "Calculadora\Calculadora.csproj", "{6390E236-4CC9-4A47-8832-B9EC237EECCA}"
EndProject
Global
	GlobalSection(SolutionConfigurationPlatforms) = preSolution
		Debug|Any CPU = Debug|Any CPU
		Release|Any CPU = Release|Any CPU
	EndGlobalSection
	GlobalSection(ProjectConfigurationPlatforms) = postSolution
		{6390E236-4CC9-4A47-8832-B9EC237EECCA}.Debug|Any CPU.ActiveCfg = Debug|Any CPU
		{6390E236-4CC9-4A47-8832-B9EC237EECCA}.Debug|Any CPU.Build.0 = Debug|Any CPU
		{6390E236-4CC9-4A47-8832-B9EC237EECCA}.Release|Any CPU.ActiveCfg = Release|Any CPU
		{6390E236-4CC9-4A47-8832-B9EC237EECCA}.Release|Any CPU.Build.0 = Release|Any CPU
	EndGlobalSection
	GlobalSection(SolutionProperties) = preSolution
		HideSolutionNode = FALSE
	EndGlobalSection
	GlobalSection(ExtensibilityGlobals) = postSolution
		SolutionGuid = {FA7A25F2-883C-40FE-9A7B-0167E338D977}
	EndGlobalSection
EndGlobal
