
Microsoft Visual Studio Solution File, Format Version 12.00
# Visual Studio Version 17
VisualStudioVersion = 17.5.33424.131
MinimumVisualStudioVersion = 10.0.40219.1
Project("{FAE04EC0-301F-11D3-BF4B-00C04F79EFBC}") = "Atividade9", "Atividade9\Atividade9.csproj", "{58E5A677-8799-4EBD-99DB-55D44D31A441}"
EndProject
Global
	GlobalSection(SolutionConfigurationPlatforms) = preSolution
		Debug|Any CPU = Debug|Any CPU
		Release|Any CPU = Release|Any CPU
	EndGlobalSection
	GlobalSection(ProjectConfigurationPlatforms) = postSolution
		{58E5A677-8799-4EBD-99DB-55D44D31A441}.Debug|Any CPU.ActiveCfg = Debug|Any CPU
		{58E5A677-8799-4EBD-99DB-55D44D31A441}.Debug|Any CPU.Build.0 = Debug|Any CPU
		{58E5A677-8799-4EBD-99DB-55D44D31A441}.Release|Any CPU.ActiveCfg = Release|Any CPU
		{58E5A677-8799-4EBD-99DB-55D44D31A441}.Release|Any CPU.Build.0 = Release|Any CPU
	EndGlobalSection
	GlobalSection(SolutionProperties) = preSolution
		HideSolutionNode = FALSE
	EndGlobalSection
	GlobalSection(ExtensibilityGlobals) = postSolution
		SolutionGuid = {91923DB0-8472-4F41-AA2F-6842383C573B}
	EndGlobalSection
EndGlobal
