
Microsoft Visual Studio Solution File, Format Version 12.00
# Visual Studio Version 17
VisualStudioVersion = 17.5.33424.131
MinimumVisualStudioVersion = 10.0.40219.1
Project("{FAE04EC0-301F-11D3-BF4B-00C04F79EFBC}") = "Arrays", "Arrays\Arrays.csproj", "{192C4F92-039C-4E9D-8BD4-AF30E2FCAC29}"
EndProject
Global
	GlobalSection(SolutionConfigurationPlatforms) = preSolution
		Debug|Any CPU = Debug|Any CPU
		Release|Any CPU = Release|Any CPU
	EndGlobalSection
	GlobalSection(ProjectConfigurationPlatforms) = postSolution
		{192C4F92-039C-4E9D-8BD4-AF30E2FCAC29}.Debug|Any CPU.ActiveCfg = Debug|Any CPU
		{192C4F92-039C-4E9D-8BD4-AF30E2FCAC29}.Debug|Any CPU.Build.0 = Debug|Any CPU
		{192C4F92-039C-4E9D-8BD4-AF30E2FCAC29}.Release|Any CPU.ActiveCfg = Release|Any CPU
		{192C4F92-039C-4E9D-8BD4-AF30E2FCAC29}.Release|Any CPU.Build.0 = Release|Any CPU
	EndGlobalSection
	GlobalSection(SolutionProperties) = preSolution
		HideSolutionNode = FALSE
	EndGlobalSection
	GlobalSection(ExtensibilityGlobals) = postSolution
		SolutionGuid = {9F45558F-E35C-473C-A9F6-93F06960ACBD}
	EndGlobalSection
EndGlobal
