<<<<<<< HEAD
﻿
Microsoft Visual Studio Solution File, Format Version 12.00
# Visual Studio Version 17
VisualStudioVersion = 17.5.33424.131
MinimumVisualStudioVersion = 10.0.40219.1
Project("{FAE04EC0-301F-11D3-BF4B-00C04F79EFBC}") = "BankforU", "BankforU\BankforU.csproj", "{8AB378B6-FE9B-44BE-B55B-EC5CAC21FFB9}"
EndProject
Global
	GlobalSection(SolutionConfigurationPlatforms) = preSolution
		Debug|Any CPU = Debug|Any CPU
		Release|Any CPU = Release|Any CPU
	EndGlobalSection
	GlobalSection(ProjectConfigurationPlatforms) = postSolution
		{8AB378B6-FE9B-44BE-B55B-EC5CAC21FFB9}.Debug|Any CPU.ActiveCfg = Debug|Any CPU
		{8AB378B6-FE9B-44BE-B55B-EC5CAC21FFB9}.Debug|Any CPU.Build.0 = Debug|Any CPU
		{8AB378B6-FE9B-44BE-B55B-EC5CAC21FFB9}.Release|Any CPU.ActiveCfg = Release|Any CPU
		{8AB378B6-FE9B-44BE-B55B-EC5CAC21FFB9}.Release|Any CPU.Build.0 = Release|Any CPU
	EndGlobalSection
	GlobalSection(SolutionProperties) = preSolution
		HideSolutionNode = FALSE
	EndGlobalSection
	GlobalSection(ExtensibilityGlobals) = postSolution
		SolutionGuid = {DE5D5FFB-6700-4EB0-9244-23FD43264ACA}
	EndGlobalSection
EndGlobal
=======
﻿
Microsoft Visual Studio Solution File, Format Version 12.00
# Visual Studio Version 17
VisualStudioVersion = 17.5.33424.131
MinimumVisualStudioVersion = 10.0.40219.1
Project("{FAE04EC0-301F-11D3-BF4B-00C04F79EFBC}") = "BankforU", "BankforU\BankforU.csproj", "{8AB378B6-FE9B-44BE-B55B-EC5CAC21FFB9}"
EndProject
Global
	GlobalSection(SolutionConfigurationPlatforms) = preSolution
		Debug|Any CPU = Debug|Any CPU
		Release|Any CPU = Release|Any CPU
	EndGlobalSection
	GlobalSection(ProjectConfigurationPlatforms) = postSolution
		{8AB378B6-FE9B-44BE-B55B-EC5CAC21FFB9}.Debug|Any CPU.ActiveCfg = Debug|Any CPU
		{8AB378B6-FE9B-44BE-B55B-EC5CAC21FFB9}.Debug|Any CPU.Build.0 = Debug|Any CPU
		{8AB378B6-FE9B-44BE-B55B-EC5CAC21FFB9}.Release|Any CPU.ActiveCfg = Release|Any CPU
		{8AB378B6-FE9B-44BE-B55B-EC5CAC21FFB9}.Release|Any CPU.Build.0 = Release|Any CPU
	EndGlobalSection
	GlobalSection(SolutionProperties) = preSolution
		HideSolutionNode = FALSE
	EndGlobalSection
	GlobalSection(ExtensibilityGlobals) = postSolution
		SolutionGuid = {DE5D5FFB-6700-4EB0-9244-23FD43264ACA}
	EndGlobalSection
EndGlobal
>>>>>>> 60ece241b2c9c23917c7c5e10f8348a7aaf573c5
